
Microsoft Visual Studio Solution File, Format Version 12.00
# Visual Studio Version 17
VisualStudioVersion = 17.1.32407.343
MinimumVisualStudioVersion = 10.0.40219.1
Project("{9A19103F-16F7-4668-BE54-9A1E7A4F7556}") = "RbacAPI", "RbacAPI\RbacAPI.csproj", "{6FF56978-0FE3-4E62-A3FB-1D654CD3069D}"
EndProject
Project("{9A19103F-16F7-4668-BE54-9A1E7A4F7556}") = "ClassLibraryEF", "ClassLibraryEF\ClassLibraryEF.csproj", "{D108E400-4BBE-4D3B-A013-8B3CB71E7B8F}"
EndProject
Project("{9A19103F-16F7-4668-BE54-9A1E7A4F7556}") = "Repository", "Repository\Repository.csproj", "{5E34C7F9-3D3C-4306-9442-D6CB1F13B1BF}"
EndProject
Project("{9A19103F-16F7-4668-BE54-9A1E7A4F7556}") = "Application", "Application\Application.csproj", "{D3255874-E95C-4C9B-B24E-D2408402518A}"
EndProject
Global
	GlobalSection(SolutionConfigurationPlatforms) = preSolution
		Debug|Any CPU = Debug|Any CPU
		Release|Any CPU = Release|Any CPU
	EndGlobalSection
	GlobalSection(ProjectConfigurationPlatforms) = postSolution
		{6FF56978-0FE3-4E62-A3FB-1D654CD3069D}.Debug|Any CPU.ActiveCfg = Debug|Any CPU
		{6FF56978-0FE3-4E62-A3FB-1D654CD3069D}.Debug|Any CPU.Build.0 = Debug|Any CPU
		{6FF56978-0FE3-4E62-A3FB-1D654CD3069D}.Release|Any CPU.ActiveCfg = Release|Any CPU
		{6FF56978-0FE3-4E62-A3FB-1D654CD3069D}.Release|Any CPU.Build.0 = Release|Any CPU
		{D108E400-4BBE-4D3B-A013-8B3CB71E7B8F}.Debug|Any CPU.ActiveCfg = Debug|Any CPU
		{D108E400-4BBE-4D3B-A013-8B3CB71E7B8F}.Debug|Any CPU.Build.0 = Debug|Any CPU
		{D108E400-4BBE-4D3B-A013-8B3CB71E7B8F}.Release|Any CPU.ActiveCfg = Release|Any CPU
		{D108E400-4BBE-4D3B-A013-8B3CB71E7B8F}.Release|Any CPU.Build.0 = Release|Any CPU
		{5E34C7F9-3D3C-4306-9442-D6CB1F13B1BF}.Debug|Any CPU.ActiveCfg = Debug|Any CPU
		{5E34C7F9-3D3C-4306-9442-D6CB1F13B1BF}.Debug|Any CPU.Build.0 = Debug|Any CPU
		{5E34C7F9-3D3C-4306-9442-D6CB1F13B1BF}.Release|Any CPU.ActiveCfg = Release|Any CPU
		{5E34C7F9-3D3C-4306-9442-D6CB1F13B1BF}.Release|Any CPU.Build.0 = Release|Any CPU
		{D3255874-E95C-4C9B-B24E-D2408402518A}.Debug|Any CPU.ActiveCfg = Debug|Any CPU
		{D3255874-E95C-4C9B-B24E-D2408402518A}.Debug|Any CPU.Build.0 = Debug|Any CPU
		{D3255874-E95C-4C9B-B24E-D2408402518A}.Release|Any CPU.ActiveCfg = Release|Any CPU
		{D3255874-E95C-4C9B-B24E-D2408402518A}.Release|Any CPU.Build.0 = Release|Any CPU
	EndGlobalSection
	GlobalSection(SolutionProperties) = preSolution
		HideSolutionNode = FALSE
	EndGlobalSection
	GlobalSection(ExtensibilityGlobals) = postSolution
		SolutionGuid = {97CE3547-DE48-4AC8-8E6E-9999C474DB7E}
	EndGlobalSection
EndGlobal
